
Microsoft Visual Studio Solution File, Format Version 12.00
# Visual Studio Version 17
VisualStudioVersion = 17.7.34009.444
MinimumVisualStudioVersion = 10.0.40219.1
Project("{8BC9CEB8-8B4A-11D0-8D11-00A0C91BC942}") = "HW___54", "HW___54\HW___54.vcxproj", "{36508FAE-B634-4B96-9935-7D8C20620C64}"
EndProject
Global
	GlobalSection(SolutionConfigurationPlatforms) = preSolution
		Debug|x64 = Debug|x64
		Debug|x86 = Debug|x86
		Release|x64 = Release|x64
		Release|x86 = Release|x86
	EndGlobalSection
	GlobalSection(ProjectConfigurationPlatforms) = postSolution
		{36508FAE-B634-4B96-9935-7D8C20620C64}.Debug|x64.ActiveCfg = Debug|x64
		{36508FAE-B634-4B96-9935-7D8C20620C64}.Debug|x64.Build.0 = Debug|x64
		{36508FAE-B634-4B96-9935-7D8C20620C64}.Debug|x86.ActiveCfg = Debug|Win32
		{36508FAE-B634-4B96-9935-7D8C20620C64}.Debug|x86.Build.0 = Debug|Win32
		{36508FAE-B634-4B96-9935-7D8C20620C64}.Release|x64.ActiveCfg = Release|x64
		{36508FAE-B634-4B96-9935-7D8C20620C64}.Release|x64.Build.0 = Release|x64
		{36508FAE-B634-4B96-9935-7D8C20620C64}.Release|x86.ActiveCfg = Release|Win32
		{36508FAE-B634-4B96-9935-7D8C20620C64}.Release|x86.Build.0 = Release|Win32
	EndGlobalSection
	GlobalSection(SolutionProperties) = preSolution
		HideSolutionNode = FALSE
	EndGlobalSection
	GlobalSection(ExtensibilityGlobals) = postSolution
		SolutionGuid = {51FB774C-2198-4A7F-A394-738658F9A394}
	EndGlobalSection
EndGlobal
