
Microsoft Visual Studio Solution File, Format Version 12.00
# Visual Studio Version 17
VisualStudioVersion = 17.7.34009.444
MinimumVisualStudioVersion = 10.0.40219.1
Project("{8BC9CEB8-8B4A-11D0-8D11-00A0C91BC942}") = "practice_18_01_2024", "practice_18_01_2024\practice_18_01_2024.vcxproj", "{A710EE5B-086D-4443-ACD6-69D4ECE8B3CE}"
EndProject
Global
	GlobalSection(SolutionConfigurationPlatforms) = preSolution
		Debug|x64 = Debug|x64
		Debug|x86 = Debug|x86
		Release|x64 = Release|x64
		Release|x86 = Release|x86
	EndGlobalSection
	GlobalSection(ProjectConfigurationPlatforms) = postSolution
		{A710EE5B-086D-4443-ACD6-69D4ECE8B3CE}.Debug|x64.ActiveCfg = Debug|x64
		{A710EE5B-086D-4443-ACD6-69D4ECE8B3CE}.Debug|x64.Build.0 = Debug|x64
		{A710EE5B-086D-4443-ACD6-69D4ECE8B3CE}.Debug|x86.ActiveCfg = Debug|Win32
		{A710EE5B-086D-4443-ACD6-69D4ECE8B3CE}.Debug|x86.Build.0 = Debug|Win32
		{A710EE5B-086D-4443-ACD6-69D4ECE8B3CE}.Release|x64.ActiveCfg = Release|x64
		{A710EE5B-086D-4443-ACD6-69D4ECE8B3CE}.Release|x64.Build.0 = Release|x64
		{A710EE5B-086D-4443-ACD6-69D4ECE8B3CE}.Release|x86.ActiveCfg = Release|Win32
		{A710EE5B-086D-4443-ACD6-69D4ECE8B3CE}.Release|x86.Build.0 = Release|Win32
	EndGlobalSection
	GlobalSection(SolutionProperties) = preSolution
		HideSolutionNode = FALSE
	EndGlobalSection
	GlobalSection(ExtensibilityGlobals) = postSolution
		SolutionGuid = {8E887783-E86F-4C38-9057-19C3D23F308D}
	EndGlobalSection
EndGlobal
